
Microsoft Visual Studio Solution File, Format Version 12.00
# Visual Studio Version 16
VisualStudioVersion = 16.0.30225.117
MinimumVisualStudioVersion = 10.0.40219.1
Project("{9A19103F-16F7-4668-BE54-9A1E7A4F7556}") = "02", "02.csproj", "{C57E504D-CF29-4286-9AA5-849594EE5899}"
EndProject
Global
	GlobalSection(SolutionConfigurationPlatforms) = preSolution
		Debug|Any CPU = Debug|Any CPU
		Release|Any CPU = Release|Any CPU
	EndGlobalSection
	GlobalSection(ProjectConfigurationPlatforms) = postSolution
		{C57E504D-CF29-4286-9AA5-849594EE5899}.Debug|Any CPU.ActiveCfg = Debug|Any CPU
		{C57E504D-CF29-4286-9AA5-849594EE5899}.Debug|Any CPU.Build.0 = Debug|Any CPU
		{C57E504D-CF29-4286-9AA5-849594EE5899}.Release|Any CPU.ActiveCfg = Release|Any CPU
		{C57E504D-CF29-4286-9AA5-849594EE5899}.Release|Any CPU.Build.0 = Release|Any CPU
	EndGlobalSection
	GlobalSection(SolutionProperties) = preSolution
		HideSolutionNode = FALSE
	EndGlobalSection
	GlobalSection(ExtensibilityGlobals) = postSolution
		SolutionGuid = {3795FD07-F5FD-4B21-B4FE-02CA71F1670F}
	EndGlobalSection
EndGlobal
